{"version":4,"terraform_version":"1.10.5","serial":1,"lineage":"b1f156d2-e616-f86c-5a31-3ab62dfec648","outputs":{"pet_name":{"value":"winning-shrew","type":"string"}},"resources":[{"mode":"managed","type":"random_pet","name":"this","provider":"provider[\"registry.opentofu.org/hashicorp/random\"]","instances":[{"schema_version":0,"attributes":{"id":"winning-shrew","keepers":null,"length":2,"prefix":null,"separator":"-"},"sensitive_attributes":[]}]}],"check_results":null}
